
Microsoft Visual Studio Solution File, Format Version 12.00
# Visual Studio 15
VisualStudioVersion = 15.0.28010.2050
MinimumVisualStudioVersion = 10.0.40219.1
Project("{9A19103F-16F7-4668-BE54-9A1E7A4F7556}") = "voucherz.auditTrails", "voucherz.auditTrails\voucherz.auditTrails.csproj", "{27EFFE74-C4BE-4EBA-A731-B7786CCF8EBB}"
EndProject
Project("{9A19103F-16F7-4668-BE54-9A1E7A4F7556}") = "Business.logic", "..\voucherz.auditTrails\Business.logic\Business.logic.csproj", "{B14BE92B-F187-42AB-BCB3-FB362D5B7F73}"
EndProject
Global
	GlobalSection(SolutionConfigurationPlatforms) = preSolution
		Debug|Any CPU = Debug|Any CPU
		Release|Any CPU = Release|Any CPU
	EndGlobalSection
	GlobalSection(ProjectConfigurationPlatforms) = postSolution
		{27EFFE74-C4BE-4EBA-A731-B7786CCF8EBB}.Debug|Any CPU.ActiveCfg = Debug|Any CPU
		{27EFFE74-C4BE-4EBA-A731-B7786CCF8EBB}.Debug|Any CPU.Build.0 = Debug|Any CPU
		{27EFFE74-C4BE-4EBA-A731-B7786CCF8EBB}.Release|Any CPU.ActiveCfg = Release|Any CPU
		{27EFFE74-C4BE-4EBA-A731-B7786CCF8EBB}.Release|Any CPU.Build.0 = Release|Any CPU
		{B14BE92B-F187-42AB-BCB3-FB362D5B7F73}.Debug|Any CPU.ActiveCfg = Debug|Any CPU
		{B14BE92B-F187-42AB-BCB3-FB362D5B7F73}.Debug|Any CPU.Build.0 = Debug|Any CPU
		{B14BE92B-F187-42AB-BCB3-FB362D5B7F73}.Release|Any CPU.ActiveCfg = Release|Any CPU
		{B14BE92B-F187-42AB-BCB3-FB362D5B7F73}.Release|Any CPU.Build.0 = Release|Any CPU
	EndGlobalSection
	GlobalSection(SolutionProperties) = preSolution
		HideSolutionNode = FALSE
	EndGlobalSection
	GlobalSection(ExtensibilityGlobals) = postSolution
		SolutionGuid = {5CF318F1-78C1-4EEA-9A12-89F412DB93BF}
	EndGlobalSection
EndGlobal
